
Microsoft Visual Studio Solution File, Format Version 12.00
# Visual Studio Version 16
VisualStudioVersion = 16.0.29509.3
MinimumVisualStudioVersion = 10.0.40219.1
Project("{9A19103F-16F7-4668-BE54-9A1E7A4F7556}") = "VitekSky", "..\..\..\Desktop\Vitek\VitekSky\VitekSky.csproj", "{313969A0-458A-4712-9FDA-81C6A3300020}"
EndProject
Project("{9A19103F-16F7-4668-BE54-9A1E7A4F7556}") = "VitekAPI", "..\..\..\Desktop\Vitek\VitekAPI\VitekAPI.csproj", "{097F1D18-AD66-4F94-A3DE-D00C81A3B69E}"
EndProject
Global
	GlobalSection(SolutionConfigurationPlatforms) = preSolution
		Debug|Any CPU = Debug|Any CPU
		Release|Any CPU = Release|Any CPU
	EndGlobalSection
	GlobalSection(ProjectConfigurationPlatforms) = postSolution
		{313969A0-458A-4712-9FDA-81C6A3300020}.Debug|Any CPU.ActiveCfg = Debug|Any CPU
		{313969A0-458A-4712-9FDA-81C6A3300020}.Debug|Any CPU.Build.0 = Debug|Any CPU
		{313969A0-458A-4712-9FDA-81C6A3300020}.Release|Any CPU.ActiveCfg = Release|Any CPU
		{313969A0-458A-4712-9FDA-81C6A3300020}.Release|Any CPU.Build.0 = Release|Any CPU
		{097F1D18-AD66-4F94-A3DE-D00C81A3B69E}.Debug|Any CPU.ActiveCfg = Debug|Any CPU
		{097F1D18-AD66-4F94-A3DE-D00C81A3B69E}.Debug|Any CPU.Build.0 = Debug|Any CPU
		{097F1D18-AD66-4F94-A3DE-D00C81A3B69E}.Release|Any CPU.ActiveCfg = Release|Any CPU
		{097F1D18-AD66-4F94-A3DE-D00C81A3B69E}.Release|Any CPU.Build.0 = Release|Any CPU
	EndGlobalSection
	GlobalSection(SolutionProperties) = preSolution
		HideSolutionNode = FALSE
	EndGlobalSection
	GlobalSection(ExtensibilityGlobals) = postSolution
		SolutionGuid = {14B1B4E8-0885-4F5A-96CD-66F8CC46CF42}
	EndGlobalSection
EndGlobal
