
Microsoft Visual Studio Solution File, Format Version 12.00
# Visual Studio Version 16
VisualStudioVersion = 16.0.29509.3
MinimumVisualStudioVersion = 10.0.40219.1
Project("{9A19103F-16F7-4668-BE54-9A1E7A4F7556}") = "VitekSky", "VitekSky.csproj", "{40DEB82F-D68D-4CEA-900F-3AC780633DBE}"
EndProject
Project("{FAE04EC0-301F-11D3-BF4B-00C04F79EFBC}") = "VitekAPI", "..\VitekAPI\VitekAPI.csproj", "{98C68D33-AAAD-40B6-86F3-C4D1DEC76032}"
EndProject
Global
	GlobalSection(SolutionConfigurationPlatforms) = preSolution
		Debug|Any CPU = Debug|Any CPU
		Release|Any CPU = Release|Any CPU
	EndGlobalSection
	GlobalSection(ProjectConfigurationPlatforms) = postSolution
		{40DEB82F-D68D-4CEA-900F-3AC780633DBE}.Debug|Any CPU.ActiveCfg = Debug|Any CPU
		{40DEB82F-D68D-4CEA-900F-3AC780633DBE}.Debug|Any CPU.Build.0 = Debug|Any CPU
		{40DEB82F-D68D-4CEA-900F-3AC780633DBE}.Release|Any CPU.ActiveCfg = Release|Any CPU
		{40DEB82F-D68D-4CEA-900F-3AC780633DBE}.Release|Any CPU.Build.0 = Release|Any CPU
		{98C68D33-AAAD-40B6-86F3-C4D1DEC76032}.Debug|Any CPU.ActiveCfg = Debug|Any CPU
		{98C68D33-AAAD-40B6-86F3-C4D1DEC76032}.Debug|Any CPU.Build.0 = Debug|Any CPU
		{98C68D33-AAAD-40B6-86F3-C4D1DEC76032}.Release|Any CPU.ActiveCfg = Release|Any CPU
		{98C68D33-AAAD-40B6-86F3-C4D1DEC76032}.Release|Any CPU.Build.0 = Release|Any CPU
	EndGlobalSection
	GlobalSection(SolutionProperties) = preSolution
		HideSolutionNode = FALSE
	EndGlobalSection
	GlobalSection(ExtensibilityGlobals) = postSolution
		SolutionGuid = {D1D2A252-304F-4015-A126-C03EFF159C95}
	EndGlobalSection
EndGlobal
